Microsoft Visual Studio Solution File, Format Version 12.00
# Visual Studio Version 18
VisualStudioVersion = 18.5.11723.231 stable
MinimumVisualStudioVersion = 10.0.40219.1
Project("{8BC9CEB8-8B4A-11D0-8D11-00A0C91BC942}") = "unnamed", "unnamed.vcxproj", "{1B5B7D15-F1BD-495B-98B4-ADDFB317AF55}"
EndProject
Global
	GlobalSection(SolutionConfigurationPlatforms) = preSolution
		Debug|x64 = Debug|x64
		Release|x64 = Release|x64
	EndGlobalSection
	GlobalSection(ProjectConfigurationPlatforms) = postSolution
		{1B5B7D15-F1BD-495B-98B4-ADDFB317AF55}.Debug|x64.ActiveCfg = Debug|x64
		{1B5B7D15-F1BD-495B-98B4-ADDFB317AF55}.Debug|x64.Build.0 = Debug|x64
		{1B5B7D15-F1BD-495B-98B4-ADDFB317AF55}.Release|x64.ActiveCfg = Release|x64
		{1B5B7D15-F1BD-495B-98B4-ADDFB317AF55}.Release|x64.Build.0 = Release|x64
	EndGlobalSection
	GlobalSection(SolutionProperties) = preSolution
		HideSolutionNode = FALSE
	EndGlobalSection
	GlobalSection(ExtensibilityGlobals) = postSolution
		SolutionGuid = {BDC07CAC-F382-4490-A0FC-FE2D8DB8DC59}
	EndGlobalSection
EndGlobal
